
Microsoft Visual Studio Solution File, Format Version 12.00
# Visual Studio Version 16
VisualStudioVersion = 16.0.31112.23
MinimumVisualStudioVersion = 10.0.40219.1
Project("{8BC9CEB8-8B4A-11D0-8D11-00A0C91BC942}") = "9-6", "9-6.vcxproj", "{6290A1D4-10B6-480D-A70F-3E2A33D9CF8E}"
EndProject
Global
	GlobalSection(SolutionConfigurationPlatforms) = preSolution
		Debug|x64 = Debug|x64
		Debug|x86 = Debug|x86
		Release|x64 = Release|x64
		Release|x86 = Release|x86
	EndGlobalSection
	GlobalSection(ProjectConfigurationPlatforms) = postSolution
		{6290A1D4-10B6-480D-A70F-3E2A33D9CF8E}.Debug|x64.ActiveCfg = Debug|x64
		{6290A1D4-10B6-480D-A70F-3E2A33D9CF8E}.Debug|x64.Build.0 = Debug|x64
		{6290A1D4-10B6-480D-A70F-3E2A33D9CF8E}.Debug|x86.ActiveCfg = Debug|Win32
		{6290A1D4-10B6-480D-A70F-3E2A33D9CF8E}.Debug|x86.Build.0 = Debug|Win32
		{6290A1D4-10B6-480D-A70F-3E2A33D9CF8E}.Release|x64.ActiveCfg = Release|x64
		{6290A1D4-10B6-480D-A70F-3E2A33D9CF8E}.Release|x64.Build.0 = Release|x64
		{6290A1D4-10B6-480D-A70F-3E2A33D9CF8E}.Release|x86.ActiveCfg = Release|Win32
		{6290A1D4-10B6-480D-A70F-3E2A33D9CF8E}.Release|x86.Build.0 = Release|Win32
	EndGlobalSection
	GlobalSection(SolutionProperties) = preSolution
		HideSolutionNode = FALSE
	EndGlobalSection
	GlobalSection(ExtensibilityGlobals) = postSolution
		SolutionGuid = {B7C8B0FD-F386-4B80-AC9C-65FE25374F1C}
	EndGlobalSection
EndGlobal
