
Microsoft Visual Studio Solution File, Format Version 12.00
# Visual Studio Version 16
VisualStudioVersion = 16.0.31321.278
MinimumVisualStudioVersion = 10.0.40219.1
Project("{8BC9CEB8-8B4A-11D0-8D11-00A0C91BC942}") = "19_2_도전실전예제", "19_2_도전실전예제.vcxproj", "{95C7321F-F95A-466D-8293-4C4DAB22F212}"
EndProject
Global
	GlobalSection(SolutionConfigurationPlatforms) = preSolution
		Debug|x64 = Debug|x64
		Debug|x86 = Debug|x86
		Release|x64 = Release|x64
		Release|x86 = Release|x86
	EndGlobalSection
	GlobalSection(ProjectConfigurationPlatforms) = postSolution
		{95C7321F-F95A-466D-8293-4C4DAB22F212}.Debug|x64.ActiveCfg = Debug|x64
		{95C7321F-F95A-466D-8293-4C4DAB22F212}.Debug|x64.Build.0 = Debug|x64
		{95C7321F-F95A-466D-8293-4C4DAB22F212}.Debug|x86.ActiveCfg = Debug|Win32
		{95C7321F-F95A-466D-8293-4C4DAB22F212}.Debug|x86.Build.0 = Debug|Win32
		{95C7321F-F95A-466D-8293-4C4DAB22F212}.Release|x64.ActiveCfg = Release|x64
		{95C7321F-F95A-466D-8293-4C4DAB22F212}.Release|x64.Build.0 = Release|x64
		{95C7321F-F95A-466D-8293-4C4DAB22F212}.Release|x86.ActiveCfg = Release|Win32
		{95C7321F-F95A-466D-8293-4C4DAB22F212}.Release|x86.Build.0 = Release|Win32
	EndGlobalSection
	GlobalSection(SolutionProperties) = preSolution
		HideSolutionNode = FALSE
	EndGlobalSection
	GlobalSection(ExtensibilityGlobals) = postSolution
		SolutionGuid = {30AC3281-2864-4922-8F93-A2126527518A}
	EndGlobalSection
EndGlobal
