
Microsoft Visual Studio Solution File, Format Version 12.00
# Visual Studio Version 16
VisualStudioVersion = 16.0.31205.134
MinimumVisualStudioVersion = 10.0.40219.1
Project("{8BC9CEB8-8B4A-11D0-8D11-00A0C91BC942}") = "17-6", "17-6.vcxproj", "{FB1D1CAF-B9F6-4A29-BD7B-429DCD25F69D}"
EndProject
Global
	GlobalSection(SolutionConfigurationPlatforms) = preSolution
		Debug|x64 = Debug|x64
		Debug|x86 = Debug|x86
		Release|x64 = Release|x64
		Release|x86 = Release|x86
	EndGlobalSection
	GlobalSection(ProjectConfigurationPlatforms) = postSolution
		{FB1D1CAF-B9F6-4A29-BD7B-429DCD25F69D}.Debug|x64.ActiveCfg = Debug|x64
		{FB1D1CAF-B9F6-4A29-BD7B-429DCD25F69D}.Debug|x64.Build.0 = Debug|x64
		{FB1D1CAF-B9F6-4A29-BD7B-429DCD25F69D}.Debug|x86.ActiveCfg = Debug|Win32
		{FB1D1CAF-B9F6-4A29-BD7B-429DCD25F69D}.Debug|x86.Build.0 = Debug|Win32
		{FB1D1CAF-B9F6-4A29-BD7B-429DCD25F69D}.Release|x64.ActiveCfg = Release|x64
		{FB1D1CAF-B9F6-4A29-BD7B-429DCD25F69D}.Release|x64.Build.0 = Release|x64
		{FB1D1CAF-B9F6-4A29-BD7B-429DCD25F69D}.Release|x86.ActiveCfg = Release|Win32
		{FB1D1CAF-B9F6-4A29-BD7B-429DCD25F69D}.Release|x86.Build.0 = Release|Win32
	EndGlobalSection
	GlobalSection(SolutionProperties) = preSolution
		HideSolutionNode = FALSE
	EndGlobalSection
	GlobalSection(ExtensibilityGlobals) = postSolution
		SolutionGuid = {954EA921-DD5C-4CF6-80AD-E39CE70C0379}
	EndGlobalSection
EndGlobal
