
Microsoft Visual Studio Solution File, Format Version 12.00
# Visual Studio Version 16
VisualStudioVersion = 16.0.31105.61
MinimumVisualStudioVersion = 10.0.40219.1
Project("{8BC9CEB8-8B4A-11D0-8D11-00A0C91BC942}") = "07_2_도전실전예제", "07_2_도전실전예제.vcxproj", "{4DB4470F-7D79-423C-B16E-F2AFBC8356F2}"
EndProject
Global
	GlobalSection(SolutionConfigurationPlatforms) = preSolution
		Debug|x64 = Debug|x64
		Debug|x86 = Debug|x86
		Release|x64 = Release|x64
		Release|x86 = Release|x86
	EndGlobalSection
	GlobalSection(ProjectConfigurationPlatforms) = postSolution
		{4DB4470F-7D79-423C-B16E-F2AFBC8356F2}.Debug|x64.ActiveCfg = Debug|x64
		{4DB4470F-7D79-423C-B16E-F2AFBC8356F2}.Debug|x64.Build.0 = Debug|x64
		{4DB4470F-7D79-423C-B16E-F2AFBC8356F2}.Debug|x86.ActiveCfg = Debug|Win32
		{4DB4470F-7D79-423C-B16E-F2AFBC8356F2}.Debug|x86.Build.0 = Debug|Win32
		{4DB4470F-7D79-423C-B16E-F2AFBC8356F2}.Release|x64.ActiveCfg = Release|x64
		{4DB4470F-7D79-423C-B16E-F2AFBC8356F2}.Release|x64.Build.0 = Release|x64
		{4DB4470F-7D79-423C-B16E-F2AFBC8356F2}.Release|x86.ActiveCfg = Release|Win32
		{4DB4470F-7D79-423C-B16E-F2AFBC8356F2}.Release|x86.Build.0 = Release|Win32
	EndGlobalSection
	GlobalSection(SolutionProperties) = preSolution
		HideSolutionNode = FALSE
	EndGlobalSection
	GlobalSection(ExtensibilityGlobals) = postSolution
		SolutionGuid = {81EC81E7-10A4-40E5-994F-92146EBD63BE}
	EndGlobalSection
EndGlobal
