
Microsoft Visual Studio Solution File, Format Version 12.00
# Visual Studio Version 16
VisualStudioVersion = 16.0.31112.23
MinimumVisualStudioVersion = 10.0.40219.1
Project("{8BC9CEB8-8B4A-11D0-8D11-00A0C91BC942}") = "8-6", "8-6.vcxproj", "{051BF9E2-A7FD-40D0-B217-803EDF0C6590}"
EndProject
Global
	GlobalSection(SolutionConfigurationPlatforms) = preSolution
		Debug|x64 = Debug|x64
		Debug|x86 = Debug|x86
		Release|x64 = Release|x64
		Release|x86 = Release|x86
	EndGlobalSection
	GlobalSection(ProjectConfigurationPlatforms) = postSolution
		{051BF9E2-A7FD-40D0-B217-803EDF0C6590}.Debug|x64.ActiveCfg = Debug|x64
		{051BF9E2-A7FD-40D0-B217-803EDF0C6590}.Debug|x64.Build.0 = Debug|x64
		{051BF9E2-A7FD-40D0-B217-803EDF0C6590}.Debug|x86.ActiveCfg = Debug|Win32
		{051BF9E2-A7FD-40D0-B217-803EDF0C6590}.Debug|x86.Build.0 = Debug|Win32
		{051BF9E2-A7FD-40D0-B217-803EDF0C6590}.Release|x64.ActiveCfg = Release|x64
		{051BF9E2-A7FD-40D0-B217-803EDF0C6590}.Release|x64.Build.0 = Release|x64
		{051BF9E2-A7FD-40D0-B217-803EDF0C6590}.Release|x86.ActiveCfg = Release|Win32
		{051BF9E2-A7FD-40D0-B217-803EDF0C6590}.Release|x86.Build.0 = Release|Win32
	EndGlobalSection
	GlobalSection(SolutionProperties) = preSolution
		HideSolutionNode = FALSE
	EndGlobalSection
	GlobalSection(ExtensibilityGlobals) = postSolution
		SolutionGuid = {6F4E6FF1-AB1F-4EC3-AC4A-5CDE6184005D}
	EndGlobalSection
EndGlobal
